
Microsoft Visual Studio Solution File, Format Version 12.00
# Visual Studio 15
VisualStudioVersion = 15.0.27130.2036
MinimumVisualStudioVersion = 10.0.40219.1
Project("{FAE04EC0-301F-11D3-BF4B-00C04F79EFBC}") = "Task4", "Task4\Task4.csproj", "{D883D9CA-E617-42D1-89A4-13E220E3997F}"
EndProject
Global
	GlobalSection(SolutionConfigurationPlatforms) = preSolution
		Debug|Any CPU = Debug|Any CPU
		Release|Any CPU = Release|Any CPU
	EndGlobalSection
	GlobalSection(ProjectConfigurationPlatforms) = postSolution
		{D883D9CA-E617-42D1-89A4-13E220E3997F}.Debug|Any CPU.ActiveCfg = Debug|Any CPU
		{D883D9CA-E617-42D1-89A4-13E220E3997F}.Debug|Any CPU.Build.0 = Debug|Any CPU
		{D883D9CA-E617-42D1-89A4-13E220E3997F}.Release|Any CPU.ActiveCfg = Release|Any CPU
		{D883D9CA-E617-42D1-89A4-13E220E3997F}.Release|Any CPU.Build.0 = Release|Any CPU
	EndGlobalSection
	GlobalSection(SolutionProperties) = preSolution
		HideSolutionNode = FALSE
	EndGlobalSection
	GlobalSection(ExtensibilityGlobals) = postSolution
		SolutionGuid = {6481CB45-D760-4DA3-B514-DBCF71E78E01}
	EndGlobalSection
EndGlobal
