
Microsoft Visual Studio Solution File, Format Version 12.00
# Visual Studio 15
VisualStudioVersion = 15.0.27130.2036
MinimumVisualStudioVersion = 10.0.40219.1
Project("{FAE04EC0-301F-11D3-BF4B-00C04F79EFBC}") = "Task2", "Task2\Task2.csproj", "{FCE007E3-14E0-45BF-82E8-45A7B080210C}"
EndProject
Global
	GlobalSection(SolutionConfigurationPlatforms) = preSolution
		Debug|Any CPU = Debug|Any CPU
		Release|Any CPU = Release|Any CPU
	EndGlobalSection
	GlobalSection(ProjectConfigurationPlatforms) = postSolution
		{FCE007E3-14E0-45BF-82E8-45A7B080210C}.Debug|Any CPU.ActiveCfg = Debug|Any CPU
		{FCE007E3-14E0-45BF-82E8-45A7B080210C}.Debug|Any CPU.Build.0 = Debug|Any CPU
		{FCE007E3-14E0-45BF-82E8-45A7B080210C}.Release|Any CPU.ActiveCfg = Release|Any CPU
		{FCE007E3-14E0-45BF-82E8-45A7B080210C}.Release|Any CPU.Build.0 = Release|Any CPU
	EndGlobalSection
	GlobalSection(SolutionProperties) = preSolution
		HideSolutionNode = FALSE
	EndGlobalSection
	GlobalSection(ExtensibilityGlobals) = postSolution
		SolutionGuid = {C89EF7E0-F0CE-4FA1-9642-71DE0766A851}
	EndGlobalSection
EndGlobal
